
Microsoft Visual Studio Solution File, Format Version 12.00
# Visual Studio Version 16
VisualStudioVersion = 16.0.30114.105
MinimumVisualStudioVersion = 10.0.40219.1
Project("{2150E333-8FDC-42A3-9474-1A3956D46DE8}") = "src", "src", "{0E61C2F6-F7F0-4C4B-A586-B7C5E8B425E3}"
EndProject
Project("{FAE04EC0-301F-11D3-BF4B-00C04F79EFBC}") = "SpaceTrader", "src\SpaceTrader\SpaceTrader.csproj", "{AAC2E919-E874-4DB2-8093-31D5D35F8603}"
EndProject
Global
	GlobalSection(SolutionConfigurationPlatforms) = preSolution
		Debug|Any CPU = Debug|Any CPU
		Release|Any CPU = Release|Any CPU
	EndGlobalSection
	GlobalSection(SolutionProperties) = preSolution
		HideSolutionNode = FALSE
	EndGlobalSection
	GlobalSection(ProjectConfigurationPlatforms) = postSolution
		{AAC2E919-E874-4DB2-8093-31D5D35F8603}.Debug|Any CPU.ActiveCfg = Debug|Any CPU
		{AAC2E919-E874-4DB2-8093-31D5D35F8603}.Debug|Any CPU.Build.0 = Debug|Any CPU
		{AAC2E919-E874-4DB2-8093-31D5D35F8603}.Release|Any CPU.ActiveCfg = Release|Any CPU
		{AAC2E919-E874-4DB2-8093-31D5D35F8603}.Release|Any CPU.Build.0 = Release|Any CPU
	EndGlobalSection
	GlobalSection(NestedProjects) = preSolution
		{AAC2E919-E874-4DB2-8093-31D5D35F8603} = {0E61C2F6-F7F0-4C4B-A586-B7C5E8B425E3}
	EndGlobalSection
EndGlobal
